
Microsoft Visual Studio Solution File, Format Version 12.00
# Visual Studio Version 17
VisualStudioVersion = 17.4.33205.214
MinimumVisualStudioVersion = 10.0.40219.1
Project("{FAE04EC0-301F-11D3-BF4B-00C04F79EFBC}") = "WPF_Oberflaeche", "WPF_Oberflaeche.csproj", "{F3BBC02E-E953-4835-B256-58524EB5BF75}"
EndProject
Global
	GlobalSection(SolutionConfigurationPlatforms) = preSolution
		Debug|Any CPU = Debug|Any CPU
		Release|Any CPU = Release|Any CPU
	EndGlobalSection
	GlobalSection(ProjectConfigurationPlatforms) = postSolution
		{F3BBC02E-E953-4835-B256-58524EB5BF75}.Debug|Any CPU.ActiveCfg = Debug|Any CPU
		{F3BBC02E-E953-4835-B256-58524EB5BF75}.Debug|Any CPU.Build.0 = Debug|Any CPU
		{F3BBC02E-E953-4835-B256-58524EB5BF75}.Release|Any CPU.ActiveCfg = Release|Any CPU
		{F3BBC02E-E953-4835-B256-58524EB5BF75}.Release|Any CPU.Build.0 = Release|Any CPU
	EndGlobalSection
	GlobalSection(SolutionProperties) = preSolution
		HideSolutionNode = FALSE
	EndGlobalSection
	GlobalSection(ExtensibilityGlobals) = postSolution
		SolutionGuid = {CC0A44CC-7D1E-4398-B3F9-12A64C68C1EF}
	EndGlobalSection
EndGlobal
